// !$*UTF8*$!
{
	archiveVersion = 1;
	classes = {
	};
	objectVersion = 46;
	objects = {

/* Begin PBXBuildFile section */
		AA28C7DE19854930006F00B3 /* AppDelegate.swift in Sources */ = {isa = PBXBuildFile; fileRef = AA28C7DD19854930006F00B3 /* AppDelegate.swift */; };
		AA28C7E019854930006F00B3 /* ViewController.swift in Sources */ = {isa = PBXBuildFile; fileRef = AA28C7DF19854930006F00B3 /* ViewController.swift */; };
		AA28C7E319854930006F00B3 /* Main.storyboard in Resources */ = {isa = PBXBuildFile; fileRef = AA28C7E119854930006F00B3 /* Main.storyboard */; };
		AA28C7E519854930006F00B3 /* Images.xcassets in Resources */ = {isa = PBXBuildFile; fileRef = AA28C7E419854930006F00B3 /* Images.xcassets */; };
		AA28C7F119854931006F00B3 /* EdgeSwipeInScrollViewTests.swift in Sources */ = {isa = PBXBuildFile; fileRef = AA28C7F019854931006F00B3 /* EdgeSwipeInScrollViewTests.swift */; };
/* End PBXBuildFile section */

/* Begin PBXContainerItemProxy section */
		AA28C7EB19854931006F00B3 /* PBXContainerItemProxy */ = {
			isa = PBXContainerItemProxy;
			containerPortal = AA28C7D019854930006F00B3 /* Project object */;
			proxyType = 1;
			remoteGlobalIDString = AA28C7D719854930006F00B3;
			remoteInfo = EdgeSwipeInScrollView;
		};
/* End PBXContainerItemProxy section */

/* Begin PBXFileReference section */
		AA28C7D819854930006F00B3 /* EdgeSwipeInScrollView.app */ = {isa = PBXFileReference; explicitFileType = wrapper.application; includeInIndex = 0; path = EdgeSwipeInScrollView.app; sourceTree = BUILT_PRODUCTS_DIR; };
		AA28C7DC19854930006F00B3 /* Info.plist */ = {isa = PBXFileReference; lastKnownFileType = text.plist.xml; path = Info.plist; sourceTree = "<group>"; };
		AA28C7DD19854930006F00B3 /* AppDelegate.swift */ = {isa = PBXFileReference; lastKnownFileType = sourcecode.swift; path = AppDelegate.swift; sourceTree = "<group>"; };
		AA28C7DF19854930006F00B3 /* ViewController.swift */ = {isa = PBXFileReference; lastKnownFileType = sourcecode.swift; path = ViewController.swift; sourceTree = "<group>"; };
		AA28C7E219854930006F00B3 /* Base */ = {isa = PBXFileReference; lastKnownFileType = file.storyboard; name = Base; path = Base.lproj/Main.storyboard; sourceTree = "<group>"; };
		AA28C7E419854930006F00B3 /* Images.xcassets */ = {isa = PBXFileReference; lastKnownFileType = folder.assetcatalog; path = Images.xcassets; sourceTree = "<group>"; };
		AA28C7EA19854931006F00B3 /* EdgeSwipeInScrollViewTests.xctest */ = {isa = PBXFileReference; explicitFileType = wrapper.cfbundle; includeInIndex = 0; path = EdgeSwipeInScrollViewTests.xctest; sourceTree = BUILT_PRODUCTS_DIR; };
		AA28C7EF19854931006F00B3 /* Info.plist */ = {isa = PBXFileReference; lastKnownFileType = text.plist.xml; path = Info.plist; sourceTree = "<group>"; };
		AA28C7F019854931006F00B3 /* EdgeSwipeInScrollViewTests.swift */ = {isa = PBXFileReference; lastKnownFileType = sourcecode.swift; path = EdgeSwipeInScrollViewTests.swift; sourceTree = "<group>"; };
/* End PBXFileReference section */

/* Begin PBXFrameworksBuildPhase section */
		AA28C7D519854930006F00B3 /* Frameworks */ = {
			isa = PBXFrameworksBuildPhase;
			buildActionMask = 2147483647;
			files = (
			);
			runOnlyForDeploymentPostprocessing = 0;
		};
		AA28C7E719854931006F00B3 /* Frameworks */ = {
			isa = PBXFrameworksBuildPhase;
			buildActionMask = 2147483647;
			files = (
			);
			runOnlyForDeploymentPostprocessing = 0;
		};
/* End PBXFrameworksBuildPhase section */

/* Begin PBXGroup section */
		AA28C7CF19854930006F00B3 = {
			isa = PBXGroup;
			children = (
				AA28C7DA19854930006F00B3 /* EdgeSwipeInScrollView */,
				AA28C7ED19854931006F00B3 /* EdgeSwipeInScrollViewTests */,
				AA28C7D919854930006F00B3 /* Products */,
			);
			sourceTree = "<group>";
		};
		AA28C7D919854930006F00B3 /* Products */ = {
			isa = PBXGroup;
			children = (
				AA28C7D819854930006F00B3 /* EdgeSwipeInScrollView.app */,
				AA28C7EA19854931006F00B3 /* EdgeSwipeInScrollViewTests.xctest */,
			);
			name = Products;
			sourceTree = "<group>";
		};
		AA28C7DA19854930006F00B3 /* EdgeSwipeInScrollView */ = {
			isa = PBXGroup;
			children = (
				AA28C7DD19854930006F00B3 /* AppDelegate.swift */,
				AA28C7DF19854930006F00B3 /* ViewController.swift */,
				AA28C7E119854930006F00B3 /* Main.storyboard */,
				AA28C7E419854930006F00B3 /* Images.xcassets */,
				AA28C7DB19854930006F00B3 /* Supporting Files */,
			);
			path = EdgeSwipeInScrollView;
			sourceTree = "<group>";
		};
		AA28C7DB19854930006F00B3 /* Supporting Files */ = {
			isa = PBXGroup;
			children = (
				AA28C7DC19854930006F00B3 /* Info.plist */,
			);
			name = "Supporting Files";
			sourceTree = "<group>";
		};
		AA28C7ED19854931006F00B3 /* EdgeSwipeInScrollViewTests */ = {
			isa = PBXGroup;
			children = (
				AA28C7F019854931006F00B3 /* EdgeSwipeInScrollViewTests.swift */,
				AA28C7EE19854931006F00B3 /* Supporting Files */,
			);
			path = EdgeSwipeInScrollViewTests;
			sourceTree = "<group>";
		};
		AA28C7EE19854931006F00B3 /* Supporting Files */ = {
			isa = PBXGroup;
			children = (
				AA28C7EF19854931006F00B3 /* Info.plist */,
			);
			name = "Supporting Files";
			sourceTree = "<group>";
		};
/* End PBXGroup section */

/* Begin PBXNativeTarget section */
		AA28C7D719854930006F00B3 /* EdgeSwipeInScrollView */ = {
			isa = PBXNativeTarget;
			buildConfigurationList = AA28C7F419854931006F00B3 /* Build configuration list for PBXNativeTarget "EdgeSwipeInScrollView" */;
			buildPhases = (
				AA28C7D419854930006F00B3 /* Sources */,
				AA28C7D519854930006F00B3 /* Frameworks */,
				AA28C7D619854930006F00B3 /* Resources */,
			);
			buildRules = (
			);
			dependencies = (
			);
			name = EdgeSwipeInScrollView;
			productName = EdgeSwipeInScrollView;
			productReference = AA28C7D819854930006F00B3 /* EdgeSwipeInScrollView.app */;
			productType = "com.apple.product-type.application";
		};
		AA28C7E919854931006F00B3 /* EdgeSwipeInScrollViewTests */ = {
			isa = PBXNativeTarget;
			buildConfigurationList = AA28C7F719854931006F00B3 /* Build configuration list for PBXNativeTarget "EdgeSwipeInScrollViewTests" */;
			buildPhases = (
				AA28C7E619854931006F00B3 /* Sources */,
				AA28C7E719854931006F00B3 /* Frameworks */,
				AA28C7E819854931006F00B3 /* Resources */,
			);
			buildRules = (
			);
			dependencies = (
				AA28C7EC19854931006F00B3 /* PBXTargetDependency */,
			);
			name = EdgeSwipeInScrollViewTests;
			productName = EdgeSwipeInScrollViewTests;
			productReference = AA28C7EA19854931006F00B3 /* EdgeSwipeInScrollViewTests.xctest */;
			productType = "com.apple.product-type.bundle.unit-test";
		};
/* End PBXNativeTarget section */

/* Begin PBXProject section */
		AA28C7D019854930006F00B3 /* Project object */ = {
			isa = PBXProject;
			attributes = {
				LastUpgradeCheck = 0600;
				ORGANIZATIONNAME = "Magical Bits";
				TargetAttributes = {
					AA28C7D719854930006F00B3 = {
						CreatedOnToolsVersion = 6.0;
						DevelopmentTeam = W43HGMW5JM;
					};
					AA28C7E919854931006F00B3 = {
						CreatedOnToolsVersion = 6.0;
						TestTargetID = AA28C7D719854930006F00B3;
					};
				};
			};
			buildConfigurationList = AA28C7D319854930006F00B3 /* Build configuration list for PBXProject "EdgeSwipeInScrollView" */;
			compatibilityVersion = "Xcode 3.2";
			developmentRegion = English;
			hasScannedForEncodings = 0;
			knownRegions = (
				en,
				Base,
			);
			mainGroup = AA28C7CF19854930006F00B3;
			productRefGroup = AA28C7D919854930006F00B3 /* Products */;
			projectDirPath = "";
			projectRoot = "";
			targets = (
				AA28C7D719854930006F00B3 /* EdgeSwipeInScrollView */,
				AA28C7E919854931006F00B3 /* EdgeSwipeInScrollViewTests */,
			);
		};
/* End PBXProject section */

/* Begin PBXResourcesBuildPhase section */
		AA28C7D619854930006F00B3 /* Resources */ = {
			isa = PBXResourcesBuildPhase;
			buildActionMask = 2147483647;
			files = (
				AA28C7E319854930006F00B3 /* Main.storyboard in Resources */,
				AA28C7E519854930006F00B3 /* Images.xcassets in Resources */,
			);
			runOnlyForDeploymentPostprocessing = 0;
		};
		AA28C7E819854931006F00B3 /* Resources */ = {
			isa = PBXResourcesBuildPhase;
			buildActionMask = 2147483647;
			files = (
			);
			runOnlyForDeploymentPostprocessing = 0;
		};
/* End PBXResourcesBuildPhase section */

/* Begin PBXSourcesBuildPhase section */
		AA28C7D419854930006F00B3 /* Sources */ = {
			isa = PBXSourcesBuildPhase;
			buildActionMask = 2147483647;
			files = (
				AA28C7E019854930006F00B3 /* ViewController.swift in Sources */,
				AA28C7DE19854930006F00B3 /* AppDelegate.swift in Sources */,
			);
			runOnlyForDeploymentPostprocessing = 0;
		};
		AA28C7E619854931006F00B3 /* Sources */ = {
			isa = PBXSourcesBuildPhase;
			buildActionMask = 2147483647;
			files = (
				AA28C7F119854931006F00B3 /* EdgeSwipeInScrollViewTests.swift in Sources */,
			);
			runOnlyForDeploymentPostprocessing = 0;
		};
/* End PBXSourcesBuildPhase section */

/* Begin PBXTargetDependency section */
		AA28C7EC19854931006F00B3 /* PBXTargetDependency */ = {
			isa = PBXTargetDependency;
			target = AA28C7D719854930006F00B3 /* EdgeSwipeInScrollView */;
			targetProxy = AA28C7EB19854931006F00B3 /* PBXContainerItemProxy */;
		};
/* End PBXTargetDependency section */

/* Begin PBXVariantGroup section */
		AA28C7E119854930006F00B3 /* Main.storyboard */ = {
			isa = PBXVariantGroup;
			children = (
				AA28C7E219854930006F00B3 /* Base */,
			);
			name = Main.storyboard;
			sourceTree = "<group>";
		};
/* End PBXVariantGroup section */

/* Begin XCBuildConfiguration section */
		AA28C7F219854931006F00B3 /* Debug */ = {
			isa = XCBuildConfiguration;
			buildSettings = {
				ALWAYS_SEARCH_USER_PATHS = NO;
				CLANG_CXX_LANGUAGE_STANDARD = "gnu++0x";
				CLANG_CXX_LIBRARY = "libc++";
				CLANG_ENABLE_MODULES = YES;
				CLANG_ENABLE_OBJC_ARC = YES;
				CLANG_WARN_BOOL_CONVERSION = YES;
				CLANG_WARN_CONSTANT_CONVERSION = YES;
				CLANG_WARN_DIRECT_OBJC_ISA_USAGE = YES_ERROR;
				CLANG_WARN_EMPTY_BODY = YES;
				CLANG_WARN_ENUM_CONVERSION = YES;
				CLANG_WARN_INT_CONVERSION = YES;
				CLANG_WARN_OBJC_ROOT_CLASS = YES_ERROR;
				CLANG_WARN_UNREACHABLE_CODE = YES;
				CLANG_WARN__DUPLICATE_METHOD_MATCH = YES;
				"CODE_SIGN_IDENTITY[sdk=iphoneos*]" = "iPhone Developer";
				COPY_PHASE_STRIP = NO;
				ENABLE_STRICT_OBJC_MSGSEND = YES;
				GCC_C_LANGUAGE_STANDARD = gnu99;
				GCC_DYNAMIC_NO_PIC = NO;
				GCC_OPTIMIZATION_LEVEL = 0;
				GCC_PREPROCESSOR_DEFINITIONS = (
					"DEBUG=1",
					"$(inherited)",
				);
				GCC_SYMBOLS_PRIVATE_EXTERN = NO;
				GCC_WARN_64_TO_32_BIT_CONVERSION = YES;
				GCC_WARN_ABOUT_RETURN_TYPE = YES_ERROR;
				GCC_WARN_UNDECLARED_SELECTOR = YES;
				GCC_WARN_UNINITIALIZED_AUTOS = YES_AGGRESSIVE;
				GCC_WARN_UNUSED_FUNCTION = YES;
				GCC_WARN_UNUSED_VARIABLE = YES;
				IPHONEOS_DEPLOYMENT_TARGET = 8.0;
				MTL_ENABLE_DEBUG_INFO = YES;
				ONLY_ACTIVE_ARCH = YES;
				SDKROOT = iphoneos;
				SWIFT_OPTIMIZATION_LEVEL = "-Onone";
				TARGETED_DEVICE_FAMILY = "1,2";
			};
			name = Debug;
		};
		AA28C7F319854931006F00B3 /* Release */ = {
			isa = XCBuildConfiguration;
			buildSettings = {
				ALWAYS_SEARCH_USER_PATHS = NO;
				CLANG_CXX_LANGUAGE_STANDARD = "gnu++0x";
				CLANG_CXX_LIBRARY = "libc++";
				CLANG_ENABLE_MODULES = YES;
				CLANG_ENABLE_OBJC_ARC = YES;
				CLANG_WARN_BOOL_CONVERSION = YES;
				CLANG_WARN_CONSTANT_CONVERSION = YES;
				CLANG_WARN_DIRECT_OBJC_ISA_USAGE = YES_ERROR;
				CLANG_WARN_EMPTY_BODY = YES;
				CLANG_WARN_ENUM_CONVERSION = YES;
				CLANG_WARN_INT_CONVERSION = YES;
				CLANG_WARN_OBJC_ROOT_CLASS = YES_ERROR;
				CLANG_WARN_UNREACHABLE_CODE = YES;
				CLANG_WARN__DUPLICATE_METHOD_MATCH = YES;
				"CODE_SIGN_IDENTITY[sdk=iphoneos*]" = "iPhone Developer";
				COPY_PHASE_STRIP = YES;
				ENABLE_NS_ASSERTIONS = NO;
				ENABLE_STRICT_OBJC_MSGSEND = YES;
				GCC_C_LANGUAGE_STANDARD = gnu99;
				GCC_WARN_64_TO_32_BIT_CONVERSION = YES;
				GCC_WARN_ABOUT_RETURN_TYPE = YES_ERROR;
				GCC_WARN_UNDECLARED_SELECTOR = YES;
				GCC_WARN_UNINITIALIZED_AUTOS = YES_AGGRESSIVE;
				GCC_WARN_UNUSED_FUNCTION = YES;
				GCC_WARN_UNUSED_VARIABLE = YES;
				IPHONEOS_DEPLOYMENT_TARGET = 8.0;
				MTL_ENABLE_DEBUG_INFO = NO;
				SDKROOT = iphoneos;
				TARGETED_DEVICE_FAMILY = "1,2";
				VALIDATE_PRODUCT = YES;
			};
			name = Release;
		};
		AA28C7F519854931006F00B3 /* Debug */ = {
			isa = XCBuildConfiguration;
			buildSettings = {
				ASSETCATALOG_COMPILER_APPICON_NAME = AppIcon;
				ASSETCATALOG_COMPILER_LAUNCHIMAGE_NAME = LaunchImage;
				CODE_SIGN_IDENTITY = "iPhone Developer";
				"CODE_SIGN_IDENTITY[sdk=iphoneos*]" = "iPhone Developer";
				INFOPLIST_FILE = EdgeSwipeInScrollView/Info.plist;
				IPHONEOS_DEPLOYMENT_TARGET = 7.1;
				LD_RUNPATH_SEARCH_PATHS = "$(inherited) @executable_path/Frameworks";
				PRODUCT_NAME = "$(TARGET_NAME)";
				PROVISIONING_PROFILE = "";
			};
			name = Debug;
		};
		AA28C7F619854931006F00B3 /* Release */ = {
			isa = XCBuildConfiguration;
			buildSettings = {
				ASSETCATALOG_COMPILER_APPICON_NAME = AppIcon;
				ASSETCATALOG_COMPILER_LAUNCHIMAGE_NAME = LaunchImage;
				CODE_SIGN_IDENTITY = "iPhone Developer";
				"CODE_SIGN_IDENTITY[sdk=iphoneos*]" = "iPhone Developer";
				INFOPLIST_FILE = EdgeSwipeInScrollView/Info.plist;
				IPHONEOS_DEPLOYMENT_TARGET = 7.1;
				LD_RUNPATH_SEARCH_PATHS = "$(inherited) @executable_path/Frameworks";
				PRODUCT_NAME = "$(TARGET_NAME)";
				PROVISIONING_PROFILE = "";
			};
			name = Release;
		};
		AA28C7F819854931006F00B3 /* Debug */ = {
			isa = XCBuildConfiguration;
			buildSettings = {
				BUNDLE_LOADER = "$(BUILT_PRODUCTS_DIR)/EdgeSwipeInScrollView.app/EdgeSwipeInScrollView";
				FRAMEWORK_SEARCH_PATHS = (
					"$(SDKROOT)/Developer/Library/Frameworks",
					"$(inherited)",
				);
				GCC_PREPROCESSOR_DEFINITIONS = (
					"DEBUG=1",
					"$(inherited)",
				);
				INFOPLIST_FILE = EdgeSwipeInScrollViewTests/Info.plist;
				LD_RUNPATH_SEARCH_PATHS = "$(inherited) @executable_path/Frameworks @loader_path/Frameworks";
				PRODUCT_NAME = "$(TARGET_NAME)";
				TEST_HOST = "$(BUNDLE_LOADER)";
			};
			name = Debug;
		};
		AA28C7F919854931006F00B3 /* Release */ = {
			isa = XCBuildConfiguration;
			buildSettings = {
				BUNDLE_LOADER = "$(BUILT_PRODUCTS_DIR)/EdgeSwipeInScrollView.app/EdgeSwipeInScrollView";
				FRAMEWORK_SEARCH_PATHS = (
					"$(SDKROOT)/Developer/Library/Frameworks",
					"$(inherited)",
				);
				INFOPLIST_FILE = EdgeSwipeInScrollViewTests/Info.plist;
				LD_RUNPATH_SEARCH_PATHS = "$(inherited) @executable_path/Frameworks @loader_path/Frameworks";
				PRODUCT_NAME = "$(TARGET_NAME)";
				TEST_HOST = "$(BUNDLE_LOADER)";
			};
			name = Release;
		};
/* End XCBuildConfiguration section */

/* Begin XCConfigurationList section */
		AA28C7D319854930006F00B3 /* Build configuration list for PBXProject "EdgeSwipeInScrollView" */ = {
			isa = XCConfigurationList;
			buildConfigurations = (
				AA28C7F219854931006F00B3 /* Debug */,
				AA28C7F319854931006F00B3 /* Release */,
			);
			defaultConfigurationIsVisible = 0;
			defaultConfigurationName = Release;
		};
		AA28C7F419854931006F00B3 /* Build configuration list for PBXNativeTarget "EdgeSwipeInScrollView" */ = {
			isa = XCConfigurationList;
			buildConfigurations = (
				AA28C7F519854931006F00B3 /* Debug */,
				AA28C7F619854931006F00B3 /* Release */,
			);
			defaultConfigurationIsVisible = 0;
		};
		AA28C7F719854931006F00B3 /* Build configuration list for PBXNativeTarget "EdgeSwipeInScrollViewTests" */ = {
			isa = XCConfigurationList;
			buildConfigurations = (
				AA28C7F819854931006F00B3 /* Debug */,
				AA28C7F919854931006F00B3 /* Release */,
			);
			defaultConfigurationIsVisible = 0;
		};
/* End XCConfigurationList section */
	};
	rootObject = AA28C7D019854930006F00B3 /* Project object */;
}
