// !$*UTF8*$!
{
	archiveVersion = 1;
	classes = {
	};
	objectVersion = 46;
	objects = {

/* Begin PBXBuildFile section */
		B0172A7A19839886001B9178 /* AppDelegate.swift in Sources */ = {isa = PBXBuildFile; fileRef = B0172A7919839886001B9178 /* AppDelegate.swift */; };
		B0172A7C19839886001B9178 /* ViewController.swift in Sources */ = {isa = PBXBuildFile; fileRef = B0172A7B19839886001B9178 /* ViewController.swift */; };
		B0172A7F19839886001B9178 /* Main.storyboard in Resources */ = {isa = PBXBuildFile; fileRef = B0172A7D19839886001B9178 /* Main.storyboard */; };
		B0172A8119839886001B9178 /* Images.xcassets in Resources */ = {isa = PBXBuildFile; fileRef = B0172A8019839886001B9178 /* Images.xcassets */; };
		B0172A8D19839886001B9178 /* GestureRecognierSwiftTests.swift in Sources */ = {isa = PBXBuildFile; fileRef = B0172A8C19839886001B9178 /* GestureRecognierSwiftTests.swift */; };
/* End PBXBuildFile section */

/* Begin PBXContainerItemProxy section */
		B0172A8719839886001B9178 /* PBXContainerItemProxy */ = {
			isa = PBXContainerItemProxy;
			containerPortal = B0172A6C19839886001B9178 /* Project object */;
			proxyType = 1;
			remoteGlobalIDString = B0172A7319839886001B9178;
			remoteInfo = GestureRecognierSwift;
		};
/* End PBXContainerItemProxy section */

/* Begin PBXFileReference section */
		B0172A7419839886001B9178 /* GestureRecognierSwift.app */ = {isa = PBXFileReference; explicitFileType = wrapper.application; includeInIndex = 0; path = GestureRecognierSwift.app; sourceTree = BUILT_PRODUCTS_DIR; };
		B0172A7819839886001B9178 /* Info.plist */ = {isa = PBXFileReference; lastKnownFileType = text.plist.xml; path = Info.plist; sourceTree = "<group>"; };
		B0172A7919839886001B9178 /* AppDelegate.swift */ = {isa = PBXFileReference; lastKnownFileType = sourcecode.swift; path = AppDelegate.swift; sourceTree = "<group>"; };
		B0172A7B19839886001B9178 /* ViewController.swift */ = {isa = PBXFileReference; lastKnownFileType = sourcecode.swift; path = ViewController.swift; sourceTree = "<group>"; };
		B0172A7E19839886001B9178 /* Base */ = {isa = PBXFileReference; lastKnownFileType = file.storyboard; name = Base; path = Base.lproj/Main.storyboard; sourceTree = "<group>"; };
		B0172A8019839886001B9178 /* Images.xcassets */ = {isa = PBXFileReference; lastKnownFileType = folder.assetcatalog; path = Images.xcassets; sourceTree = "<group>"; };
		B0172A8619839886001B9178 /* GestureRecognierSwiftTests.xctest */ = {isa = PBXFileReference; explicitFileType = wrapper.cfbundle; includeInIndex = 0; path = GestureRecognierSwiftTests.xctest; sourceTree = BUILT_PRODUCTS_DIR; };
		B0172A8B19839886001B9178 /* Info.plist */ = {isa = PBXFileReference; lastKnownFileType = text.plist.xml; path = Info.plist; sourceTree = "<group>"; };
		B0172A8C19839886001B9178 /* GestureRecognierSwiftTests.swift */ = {isa = PBXFileReference; lastKnownFileType = sourcecode.swift; path = GestureRecognierSwiftTests.swift; sourceTree = "<group>"; };
/* End PBXFileReference section */

/* Begin PBXFrameworksBuildPhase section */
		B0172A7119839886001B9178 /* Frameworks */ = {
			isa = PBXFrameworksBuildPhase;
			buildActionMask = 2147483647;
			files = (
			);
			runOnlyForDeploymentPostprocessing = 0;
		};
		B0172A8319839886001B9178 /* Frameworks */ = {
			isa = PBXFrameworksBuildPhase;
			buildActionMask = 2147483647;
			files = (
			);
			runOnlyForDeploymentPostprocessing = 0;
		};
/* End PBXFrameworksBuildPhase section */

/* Begin PBXGroup section */
		B0172A6B19839886001B9178 = {
			isa = PBXGroup;
			children = (
				B0172A7619839886001B9178 /* GestureRecognierSwift */,
				B0172A8919839886001B9178 /* GestureRecognierSwiftTests */,
				B0172A7519839886001B9178 /* Products */,
			);
			sourceTree = "<group>";
		};
		B0172A7519839886001B9178 /* Products */ = {
			isa = PBXGroup;
			children = (
				B0172A7419839886001B9178 /* GestureRecognierSwift.app */,
				B0172A8619839886001B9178 /* GestureRecognierSwiftTests.xctest */,
			);
			name = Products;
			sourceTree = "<group>";
		};
		B0172A7619839886001B9178 /* GestureRecognierSwift */ = {
			isa = PBXGroup;
			children = (
				B0172A7919839886001B9178 /* AppDelegate.swift */,
				B0172A7B19839886001B9178 /* ViewController.swift */,
				B0172A7D19839886001B9178 /* Main.storyboard */,
				B0172A8019839886001B9178 /* Images.xcassets */,
				B0172A7719839886001B9178 /* Supporting Files */,
			);
			path = GestureRecognierSwift;
			sourceTree = "<group>";
		};
		B0172A7719839886001B9178 /* Supporting Files */ = {
			isa = PBXGroup;
			children = (
				B0172A7819839886001B9178 /* Info.plist */,
			);
			name = "Supporting Files";
			sourceTree = "<group>";
		};
		B0172A8919839886001B9178 /* GestureRecognierSwiftTests */ = {
			isa = PBXGroup;
			children = (
				B0172A8C19839886001B9178 /* GestureRecognierSwiftTests.swift */,
				B0172A8A19839886001B9178 /* Supporting Files */,
			);
			path = GestureRecognierSwiftTests;
			sourceTree = "<group>";
		};
		B0172A8A19839886001B9178 /* Supporting Files */ = {
			isa = PBXGroup;
			children = (
				B0172A8B19839886001B9178 /* Info.plist */,
			);
			name = "Supporting Files";
			sourceTree = "<group>";
		};
/* End PBXGroup section */

/* Begin PBXNativeTarget section */
		B0172A7319839886001B9178 /* GestureRecognierSwift */ = {
			isa = PBXNativeTarget;
			buildConfigurationList = B0172A9019839886001B9178 /* Build configuration list for PBXNativeTarget "GestureRecognierSwift" */;
			buildPhases = (
				B0172A7019839886001B9178 /* Sources */,
				B0172A7119839886001B9178 /* Frameworks */,
				B0172A7219839886001B9178 /* Resources */,
			);
			buildRules = (
			);
			dependencies = (
			);
			name = GestureRecognierSwift;
			productName = GestureRecognierSwift;
			productReference = B0172A7419839886001B9178 /* GestureRecognierSwift.app */;
			productType = "com.apple.product-type.application";
		};
		B0172A8519839886001B9178 /* GestureRecognierSwiftTests */ = {
			isa = PBXNativeTarget;
			buildConfigurationList = B0172A9319839886001B9178 /* Build configuration list for PBXNativeTarget "GestureRecognierSwiftTests" */;
			buildPhases = (
				B0172A8219839886001B9178 /* Sources */,
				B0172A8319839886001B9178 /* Frameworks */,
				B0172A8419839886001B9178 /* Resources */,
			);
			buildRules = (
			);
			dependencies = (
				B0172A8819839886001B9178 /* PBXTargetDependency */,
			);
			name = GestureRecognierSwiftTests;
			productName = GestureRecognierSwiftTests;
			productReference = B0172A8619839886001B9178 /* GestureRecognierSwiftTests.xctest */;
			productType = "com.apple.product-type.bundle.unit-test";
		};
/* End PBXNativeTarget section */

/* Begin PBXProject section */
		B0172A6C19839886001B9178 /* Project object */ = {
			isa = PBXProject;
			attributes = {
				LastUpgradeCheck = 0600;
				ORGANIZATIONNAME = "Magical Bits";
				TargetAttributes = {
					B0172A7319839886001B9178 = {
						CreatedOnToolsVersion = 6.0;
					};
					B0172A8519839886001B9178 = {
						CreatedOnToolsVersion = 6.0;
						TestTargetID = B0172A7319839886001B9178;
					};
				};
			};
			buildConfigurationList = B0172A6F19839886001B9178 /* Build configuration list for PBXProject "GestureRecognierSwift" */;
			compatibilityVersion = "Xcode 3.2";
			developmentRegion = English;
			hasScannedForEncodings = 0;
			knownRegions = (
				en,
				Base,
			);
			mainGroup = B0172A6B19839886001B9178;
			productRefGroup = B0172A7519839886001B9178 /* Products */;
			projectDirPath = "";
			projectRoot = "";
			targets = (
				B0172A7319839886001B9178 /* GestureRecognierSwift */,
				B0172A8519839886001B9178 /* GestureRecognierSwiftTests */,
			);
		};
/* End PBXProject section */

/* Begin PBXResourcesBuildPhase section */
		B0172A7219839886001B9178 /* Resources */ = {
			isa = PBXResourcesBuildPhase;
			buildActionMask = 2147483647;
			files = (
				B0172A7F19839886001B9178 /* Main.storyboard in Resources */,
				B0172A8119839886001B9178 /* Images.xcassets in Resources */,
			);
			runOnlyForDeploymentPostprocessing = 0;
		};
		B0172A8419839886001B9178 /* Resources */ = {
			isa = PBXResourcesBuildPhase;
			buildActionMask = 2147483647;
			files = (
			);
			runOnlyForDeploymentPostprocessing = 0;
		};
/* End PBXResourcesBuildPhase section */

/* Begin PBXSourcesBuildPhase section */
		B0172A7019839886001B9178 /* Sources */ = {
			isa = PBXSourcesBuildPhase;
			buildActionMask = 2147483647;
			files = (
				B0172A7C19839886001B9178 /* ViewController.swift in Sources */,
				B0172A7A19839886001B9178 /* AppDelegate.swift in Sources */,
			);
			runOnlyForDeploymentPostprocessing = 0;
		};
		B0172A8219839886001B9178 /* Sources */ = {
			isa = PBXSourcesBuildPhase;
			buildActionMask = 2147483647;
			files = (
				B0172A8D19839886001B9178 /* GestureRecognierSwiftTests.swift in Sources */,
			);
			runOnlyForDeploymentPostprocessing = 0;
		};
/* End PBXSourcesBuildPhase section */

/* Begin PBXTargetDependency section */
		B0172A8819839886001B9178 /* PBXTargetDependency */ = {
			isa = PBXTargetDependency;
			target = B0172A7319839886001B9178 /* GestureRecognierSwift */;
			targetProxy = B0172A8719839886001B9178 /* PBXContainerItemProxy */;
		};
/* End PBXTargetDependency section */

/* Begin PBXVariantGroup section */
		B0172A7D19839886001B9178 /* Main.storyboard */ = {
			isa = PBXVariantGroup;
			children = (
				B0172A7E19839886001B9178 /* Base */,
			);
			name = Main.storyboard;
			sourceTree = "<group>";
		};
/* End PBXVariantGroup section */

/* Begin XCBuildConfiguration section */
		B0172A8E19839886001B9178 /* Debug */ = {
			isa = XCBuildConfiguration;
			buildSettings = {
				ALWAYS_SEARCH_USER_PATHS = NO;
				CLANG_CXX_LANGUAGE_STANDARD = "gnu++0x";
				CLANG_CXX_LIBRARY = "libc++";
				CLANG_ENABLE_MODULES = YES;
				CLANG_ENABLE_OBJC_ARC = YES;
				CLANG_WARN_BOOL_CONVERSION = YES;
				CLANG_WARN_CONSTANT_CONVERSION = YES;
				CLANG_WARN_DIRECT_OBJC_ISA_USAGE = YES_ERROR;
				CLANG_WARN_EMPTY_BODY = YES;
				CLANG_WARN_ENUM_CONVERSION = YES;
				CLANG_WARN_INT_CONVERSION = YES;
				CLANG_WARN_OBJC_ROOT_CLASS = YES_ERROR;
				CLANG_WARN_UNREACHABLE_CODE = YES;
				CLANG_WARN__DUPLICATE_METHOD_MATCH = YES;
				"CODE_SIGN_IDENTITY[sdk=iphoneos*]" = "iPhone Developer";
				COPY_PHASE_STRIP = NO;
				ENABLE_STRICT_OBJC_MSGSEND = YES;
				GCC_C_LANGUAGE_STANDARD = gnu99;
				GCC_DYNAMIC_NO_PIC = NO;
				GCC_OPTIMIZATION_LEVEL = 0;
				GCC_PREPROCESSOR_DEFINITIONS = (
					"DEBUG=1",
					"$(inherited)",
				);
				GCC_SYMBOLS_PRIVATE_EXTERN = NO;
				GCC_WARN_64_TO_32_BIT_CONVERSION = YES;
				GCC_WARN_ABOUT_RETURN_TYPE = YES_ERROR;
				GCC_WARN_UNDECLARED_SELECTOR = YES;
				GCC_WARN_UNINITIALIZED_AUTOS = YES_AGGRESSIVE;
				GCC_WARN_UNUSED_FUNCTION = YES;
				GCC_WARN_UNUSED_VARIABLE = YES;
				IPHONEOS_DEPLOYMENT_TARGET = 8.0;
				MTL_ENABLE_DEBUG_INFO = YES;
				ONLY_ACTIVE_ARCH = YES;
				SDKROOT = iphoneos;
				SWIFT_OPTIMIZATION_LEVEL = "-Onone";
				TARGETED_DEVICE_FAMILY = "1,2";
			};
			name = Debug;
		};
		B0172A8F19839886001B9178 /* Release */ = {
			isa = XCBuildConfiguration;
			buildSettings = {
				ALWAYS_SEARCH_USER_PATHS = NO;
				CLANG_CXX_LANGUAGE_STANDARD = "gnu++0x";
				CLANG_CXX_LIBRARY = "libc++";
				CLANG_ENABLE_MODULES = YES;
				CLANG_ENABLE_OBJC_ARC = YES;
				CLANG_WARN_BOOL_CONVERSION = YES;
				CLANG_WARN_CONSTANT_CONVERSION = YES;
				CLANG_WARN_DIRECT_OBJC_ISA_USAGE = YES_ERROR;
				CLANG_WARN_EMPTY_BODY = YES;
				CLANG_WARN_ENUM_CONVERSION = YES;
				CLANG_WARN_INT_CONVERSION = YES;
				CLANG_WARN_OBJC_ROOT_CLASS = YES_ERROR;
				CLANG_WARN_UNREACHABLE_CODE = YES;
				CLANG_WARN__DUPLICATE_METHOD_MATCH = YES;
				"CODE_SIGN_IDENTITY[sdk=iphoneos*]" = "iPhone Developer";
				COPY_PHASE_STRIP = YES;
				ENABLE_NS_ASSERTIONS = NO;
				ENABLE_STRICT_OBJC_MSGSEND = YES;
				GCC_C_LANGUAGE_STANDARD = gnu99;
				GCC_WARN_64_TO_32_BIT_CONVERSION = YES;
				GCC_WARN_ABOUT_RETURN_TYPE = YES_ERROR;
				GCC_WARN_UNDECLARED_SELECTOR = YES;
				GCC_WARN_UNINITIALIZED_AUTOS = YES_AGGRESSIVE;
				GCC_WARN_UNUSED_FUNCTION = YES;
				GCC_WARN_UNUSED_VARIABLE = YES;
				IPHONEOS_DEPLOYMENT_TARGET = 8.0;
				MTL_ENABLE_DEBUG_INFO = NO;
				SDKROOT = iphoneos;
				TARGETED_DEVICE_FAMILY = "1,2";
				VALIDATE_PRODUCT = YES;
			};
			name = Release;
		};
		B0172A9119839886001B9178 /* Debug */ = {
			isa = XCBuildConfiguration;
			buildSettings = {
				ASSETCATALOG_COMPILER_APPICON_NAME = AppIcon;
				ASSETCATALOG_COMPILER_LAUNCHIMAGE_NAME = LaunchImage;
				INFOPLIST_FILE = GestureRecognierSwift/Info.plist;
				LD_RUNPATH_SEARCH_PATHS = "$(inherited) @executable_path/Frameworks";
				PRODUCT_NAME = "$(TARGET_NAME)";
			};
			name = Debug;
		};
		B0172A9219839886001B9178 /* Release */ = {
			isa = XCBuildConfiguration;
			buildSettings = {
				ASSETCATALOG_COMPILER_APPICON_NAME = AppIcon;
				ASSETCATALOG_COMPILER_LAUNCHIMAGE_NAME = LaunchImage;
				INFOPLIST_FILE = GestureRecognierSwift/Info.plist;
				LD_RUNPATH_SEARCH_PATHS = "$(inherited) @executable_path/Frameworks";
				PRODUCT_NAME = "$(TARGET_NAME)";
			};
			name = Release;
		};
		B0172A9419839886001B9178 /* Debug */ = {
			isa = XCBuildConfiguration;
			buildSettings = {
				BUNDLE_LOADER = "$(BUILT_PRODUCTS_DIR)/GestureRecognierSwift.app/GestureRecognierSwift";
				FRAMEWORK_SEARCH_PATHS = (
					"$(SDKROOT)/Developer/Library/Frameworks",
					"$(inherited)",
				);
				GCC_PREPROCESSOR_DEFINITIONS = (
					"DEBUG=1",
					"$(inherited)",
				);
				INFOPLIST_FILE = GestureRecognierSwiftTests/Info.plist;
				LD_RUNPATH_SEARCH_PATHS = "$(inherited) @executable_path/Frameworks @loader_path/Frameworks";
				PRODUCT_NAME = "$(TARGET_NAME)";
				TEST_HOST = "$(BUNDLE_LOADER)";
			};
			name = Debug;
		};
		B0172A9519839886001B9178 /* Release */ = {
			isa = XCBuildConfiguration;
			buildSettings = {
				BUNDLE_LOADER = "$(BUILT_PRODUCTS_DIR)/GestureRecognierSwift.app/GestureRecognierSwift";
				FRAMEWORK_SEARCH_PATHS = (
					"$(SDKROOT)/Developer/Library/Frameworks",
					"$(inherited)",
				);
				INFOPLIST_FILE = GestureRecognierSwiftTests/Info.plist;
				LD_RUNPATH_SEARCH_PATHS = "$(inherited) @executable_path/Frameworks @loader_path/Frameworks";
				PRODUCT_NAME = "$(TARGET_NAME)";
				TEST_HOST = "$(BUNDLE_LOADER)";
			};
			name = Release;
		};
/* End XCBuildConfiguration section */

/* Begin XCConfigurationList section */
		B0172A6F19839886001B9178 /* Build configuration list for PBXProject "GestureRecognierSwift" */ = {
			isa = XCConfigurationList;
			buildConfigurations = (
				B0172A8E19839886001B9178 /* Debug */,
				B0172A8F19839886001B9178 /* Release */,
			);
			defaultConfigurationIsVisible = 0;
			defaultConfigurationName = Release;
		};
		B0172A9019839886001B9178 /* Build configuration list for PBXNativeTarget "GestureRecognierSwift" */ = {
			isa = XCConfigurationList;
			buildConfigurations = (
				B0172A9119839886001B9178 /* Debug */,
				B0172A9219839886001B9178 /* Release */,
			);
			defaultConfigurationIsVisible = 0;
		};
		B0172A9319839886001B9178 /* Build configuration list for PBXNativeTarget "GestureRecognierSwiftTests" */ = {
			isa = XCConfigurationList;
			buildConfigurations = (
				B0172A9419839886001B9178 /* Debug */,
				B0172A9519839886001B9178 /* Release */,
			);
			defaultConfigurationIsVisible = 0;
		};
/* End XCConfigurationList section */
	};
	rootObject = B0172A6C19839886001B9178 /* Project object */;
}
